
Microsoft Visual Studio Solution File, Format Version 12.00
# Visual Studio 15
VisualStudioVersion = 15.0.27004.2006
MinimumVisualStudioVersion = 10.0.40219.1
Project("{FAE04EC0-301F-11D3-BF4B-00C04F79EFBC}") = "BankIS", "BankIS\BankIS.csproj", "{FE13219A-CA0A-4101-8D9F-4247DFAC1988}"
EndProject
Global
	GlobalSection(SolutionConfigurationPlatforms) = preSolution
		Debug|Any CPU = Debug|Any CPU
		Release|Any CPU = Release|Any CPU
	EndGlobalSection
	GlobalSection(ProjectConfigurationPlatforms) = postSolution
		{FE13219A-CA0A-4101-8D9F-4247DFAC1988}.Debug|Any CPU.ActiveCfg = Debug|Any CPU
		{FE13219A-CA0A-4101-8D9F-4247DFAC1988}.Debug|Any CPU.Build.0 = Debug|Any CPU
		{FE13219A-CA0A-4101-8D9F-4247DFAC1988}.Release|Any CPU.ActiveCfg = Release|Any CPU
		{FE13219A-CA0A-4101-8D9F-4247DFAC1988}.Release|Any CPU.Build.0 = Release|Any CPU
	EndGlobalSection
	GlobalSection(SolutionProperties) = preSolution
		HideSolutionNode = FALSE
	EndGlobalSection
	GlobalSection(ExtensibilityGlobals) = postSolution
		SolutionGuid = {216F71A1-36E3-4B56-982C-128168EBE04C}
	EndGlobalSection
EndGlobal
